// !$*UTF8*$!
{
	archiveVersion = 1;
	classes = {
	};
	objectVersion = 51;
	objects = {

/* Begin PBXBuildFile section */
		3D3ED009D959468E4FA5D9A8 /* Pods_SimpleTaskManager.framework in Frameworks */ = {isa = PBXBuildFile; fileRef = 12E7DA96F8BBEEC2B6BA0DB1 /* Pods_SimpleTaskManager.framework */; };
		A10EBBA524F2854200F5DCE0 /* STMSettings_VM.swift in Sources */ = {isa = PBXBuildFile; fileRef = A10EBBA424F2854200F5DCE0 /* STMSettings_VM.swift */; };
		A133D2C624F776A500B78E63 /* STMAddNewCategory_VM.swift in Sources */ = {isa = PBXBuildFile; fileRef = A133D2C524F776A500B78E63 /* STMAddNewCategory_VM.swift */; };
		A133D2CA24F7C41F00B78E63 /* STMConfirmButton_TVCell.swift in Sources */ = {isa = PBXBuildFile; fileRef = A133D2C924F7C41F00B78E63 /* STMConfirmButton_TVCell.swift */; };
		A16D57B624EA929A008B45E7 /* STMTaskDetail_VM.swift in Sources */ = {isa = PBXBuildFile; fileRef = A16D57B524EA929A008B45E7 /* STMTaskDetail_VM.swift */; };
		A1786FA420ACDF56002229DF /* UIViewController+Alerts.swift in Sources */ = {isa = PBXBuildFile; fileRef = A1786FA320ACDF56002229DF /* UIViewController+Alerts.swift */; };
		A199D0CF2088650800F39B6E /* SimpleTaskManager.xcdatamodeld in Sources */ = {isa = PBXBuildFile; fileRef = A199D0CD2088650800F39B6E /* SimpleTaskManager.xcdatamodeld */; };
		A1A5664424FA323F0032F9CA /* STMDataService.swift in Sources */ = {isa = PBXBuildFile; fileRef = A1A5664324FA323F0032F9CA /* STMDataService.swift */; };
		A1B755EF20848D7000FFB67D /* AppDelegate.swift in Sources */ = {isa = PBXBuildFile; fileRef = A1B755EE20848D7000FFB67D /* AppDelegate.swift */; };
		A1B755F420848D7100FFB67D /* Main.storyboard in Resources */ = {isa = PBXBuildFile; fileRef = A1B755F220848D7100FFB67D /* Main.storyboard */; };
		A1B755F920848D7200FFB67D /* Assets.xcassets in Resources */ = {isa = PBXBuildFile; fileRef = A1B755F820848D7200FFB67D /* Assets.xcassets */; };
		A1B755FC20848D7200FFB67D /* LaunchScreen.storyboard in Resources */ = {isa = PBXBuildFile; fileRef = A1B755FA20848D7200FFB67D /* LaunchScreen.storyboard */; };
		A1B7560A20849C4D00FFB67D /* STMRecord.swift in Sources */ = {isa = PBXBuildFile; fileRef = A1B7560920849C4D00FFB67D /* STMRecord.swift */; };
		A1B756122084AF1700FFB67D /* STMCategory.swift in Sources */ = {isa = PBXBuildFile; fileRef = A1B756112084AF1700FFB67D /* STMCategory.swift */; };
		A1B756152084B2F600FFB67D /* STMDefaults.swift in Sources */ = {isa = PBXBuildFile; fileRef = A1B756142084B2F600FFB67D /* STMDefaults.swift */; };
		A1B756172084BFCF00FFB67D /* STMSettings_TVC.swift in Sources */ = {isa = PBXBuildFile; fileRef = A1B756162084BFCF00FFB67D /* STMSettings_TVC.swift */; };
		A1B756192084CCCC00FFB67D /* STMTaskList_TVC.swift in Sources */ = {isa = PBXBuildFile; fileRef = A1B756182084CCCC00FFB67D /* STMTaskList_TVC.swift */; };
		A1B7561B2084EA2600FFB67D /* Date+Ext.swift in Sources */ = {isa = PBXBuildFile; fileRef = A1B7561A2084EA2600FFB67D /* Date+Ext.swift */; };
		A1B7561F2084F0C300FFB67D /* STMMain_TVCell.swift in Sources */ = {isa = PBXBuildFile; fileRef = A1B7561E2084F0C300FFB67D /* STMMain_TVCell.swift */; };
		A1B756212084FDB300FFB67D /* STMTaskDetail_VC.swift in Sources */ = {isa = PBXBuildFile; fileRef = A1B756202084FDB300FFB67D /* STMTaskDetail_VC.swift */; };
		A1B7562720851BC600FFB67D /* STMAddNewCategory_VC.swift in Sources */ = {isa = PBXBuildFile; fileRef = A1B7562620851BC600FFB67D /* STMAddNewCategory_VC.swift */; };
		A1B7562A208532E000FFB67D /* STMTaskStatusEnum.swift in Sources */ = {isa = PBXBuildFile; fileRef = A1B75629208532E000FFB67D /* STMTaskStatusEnum.swift */; };
		A1B7562D20853F8800FFB67D /* STMDetailTextView_TVCell.swift in Sources */ = {isa = PBXBuildFile; fileRef = A1B7562C20853F8800FFB67D /* STMDetailTextView_TVCell.swift */; };
		A1B756302085408600FFB67D /* STMButton_TVCell.swift in Sources */ = {isa = PBXBuildFile; fileRef = A1B7562F2085408600FFB67D /* STMButton_TVCell.swift */; };
		A1B7563220854EE800FFB67D /* STMDetailAddButton_TVCell.swift in Sources */ = {isa = PBXBuildFile; fileRef = A1B7563120854EE800FFB67D /* STMDetailAddButton_TVCell.swift */; };
		A1B756362085683F00FFB67D /* STMAddNewCategory_VC+DataDelegate.swift in Sources */ = {isa = PBXBuildFile; fileRef = A1B756352085683F00FFB67D /* STMAddNewCategory_VC+DataDelegate.swift */; };
		A1DF57FD24EBCC5E00A9CE2B /* STMTaskList_VM.swift in Sources */ = {isa = PBXBuildFile; fileRef = A1DF57FC24EBCC5E00A9CE2B /* STMTaskList_VM.swift */; };
		A1DF580124ED610600A9CE2B /* UIKit+Ext.swift in Sources */ = {isa = PBXBuildFile; fileRef = A1DF580024ED610600A9CE2B /* UIKit+Ext.swift */; };
		A1DF580624EDC15400A9CE2B /* UITableView+Ext.swift in Sources */ = {isa = PBXBuildFile; fileRef = A1DF580524EDC15400A9CE2B /* UITableView+Ext.swift */; };
		A1EC3EE32086232C0012AAC6 /* UNNotification+Ext.swift in Sources */ = {isa = PBXBuildFile; fileRef = A1EC3EE22086232C0012AAC6 /* UNNotification+Ext.swift */; };
		A1EC3EEB208694F80012AAC6 /* OrderingEnum.swift in Sources */ = {isa = PBXBuildFile; fileRef = A1EC3EEA208694F80012AAC6 /* OrderingEnum.swift */; };
		A1EC3EF0208696BD0012AAC6 /* STMOrderingPicker_TVCell.swift in Sources */ = {isa = PBXBuildFile; fileRef = A1EC3EEF208696BD0012AAC6 /* STMOrderingPicker_TVCell.swift */; };
		A1EC3EF220869BAD0012AAC6 /* STMDetailNotification_TVCell.swift in Sources */ = {isa = PBXBuildFile; fileRef = A1EC3EF120869BAD0012AAC6 /* STMDetailNotification_TVCell.swift */; };
		A1EC3EF420869BFB0012AAC6 /* STMSettingsNotification_TVCell.swift in Sources */ = {isa = PBXBuildFile; fileRef = A1EC3EF320869BFB0012AAC6 /* STMSettingsNotification_TVCell.swift */; };
		A1EC3EF92086A2340012AAC6 /* STMDetailDueDate_TVCell.swift in Sources */ = {isa = PBXBuildFile; fileRef = A1EC3EF82086A2340012AAC6 /* STMDetailDueDate_TVCell.swift */; };
		A1EC3EFB2086A25F0012AAC6 /* STMDetailCategoty_TVCell.swift in Sources */ = {isa = PBXBuildFile; fileRef = A1EC3EFA2086A25F0012AAC6 /* STMDetailCategoty_TVCell.swift */; };
		A1EC3EFD2086A2810012AAC6 /* STMDetailTaskTitle_TVCell.swift in Sources */ = {isa = PBXBuildFile; fileRef = A1EC3EFC2086A2810012AAC6 /* STMDetailTaskTitle_TVCell.swift */; };
/* End PBXBuildFile section */

/* Begin PBXFileReference section */
		059E5DD19244FFEB20CCF5C1 /* Pods-SimpleTaskManager.debug.xcconfig */ = {isa = PBXFileReference; includeInIndex = 1; lastKnownFileType = text.xcconfig; name = "Pods-SimpleTaskManager.debug.xcconfig"; path = "Pods/Target Support Files/Pods-SimpleTaskManager/Pods-SimpleTaskManager.debug.xcconfig"; sourceTree = "<group>"; };
		12E7DA96F8BBEEC2B6BA0DB1 /* Pods_SimpleTaskManager.framework */ = {isa = PBXFileReference; explicitFileType = wrapper.framework; includeInIndex = 0; path = Pods_SimpleTaskManager.framework; sourceTree = BUILT_PRODUCTS_DIR; };
		41A03B0A4318C6ADEC95F4DC /* Pods-SimpleTaskManager.release.xcconfig */ = {isa = PBXFileReference; includeInIndex = 1; lastKnownFileType = text.xcconfig; name = "Pods-SimpleTaskManager.release.xcconfig"; path = "Pods/Target Support Files/Pods-SimpleTaskManager/Pods-SimpleTaskManager.release.xcconfig"; sourceTree = "<group>"; };
		A10EBBA424F2854200F5DCE0 /* STMSettings_VM.swift */ = {isa = PBXFileReference; lastKnownFileType = sourcecode.swift; path = STMSettings_VM.swift; sourceTree = "<group>"; };
		A133D2C524F776A500B78E63 /* STMAddNewCategory_VM.swift */ = {isa = PBXFileReference; lastKnownFileType = sourcecode.swift; path = STMAddNewCategory_VM.swift; sourceTree = "<group>"; };
		A133D2C924F7C41F00B78E63 /* STMConfirmButton_TVCell.swift */ = {isa = PBXFileReference; lastKnownFileType = sourcecode.swift; path = STMConfirmButton_TVCell.swift; sourceTree = "<group>"; };
		A16D57B524EA929A008B45E7 /* STMTaskDetail_VM.swift */ = {isa = PBXFileReference; lastKnownFileType = sourcecode.swift; path = STMTaskDetail_VM.swift; sourceTree = "<group>"; };
		A1786FA320ACDF56002229DF /* UIViewController+Alerts.swift */ = {isa = PBXFileReference; lastKnownFileType = sourcecode.swift; path = "UIViewController+Alerts.swift"; sourceTree = "<group>"; };
		A199D0CE2088650800F39B6E /* SimpleTaskManager.xcdatamodel */ = {isa = PBXFileReference; lastKnownFileType = wrapper.xcdatamodel; path = SimpleTaskManager.xcdatamodel; sourceTree = "<group>"; };
		A1A5664324FA323F0032F9CA /* STMDataService.swift */ = {isa = PBXFileReference; lastKnownFileType = sourcecode.swift; path = STMDataService.swift; sourceTree = "<group>"; };
		A1B755EB20848D7000FFB67D /* SimpleTaskManager.app */ = {isa = PBXFileReference; explicitFileType = wrapper.application; includeInIndex = 0; path = SimpleTaskManager.app; sourceTree = BUILT_PRODUCTS_DIR; };
		A1B755EE20848D7000FFB67D /* AppDelegate.swift */ = {isa = PBXFileReference; lastKnownFileType = sourcecode.swift; path = AppDelegate.swift; sourceTree = "<group>"; };
		A1B755F320848D7100FFB67D /* Base */ = {isa = PBXFileReference; lastKnownFileType = file.storyboard; name = Base; path = Base.lproj/Main.storyboard; sourceTree = "<group>"; };
		A1B755F820848D7200FFB67D /* Assets.xcassets */ = {isa = PBXFileReference; lastKnownFileType = folder.assetcatalog; path = Assets.xcassets; sourceTree = "<group>"; };
		A1B755FB20848D7200FFB67D /* Base */ = {isa = PBXFileReference; lastKnownFileType = file.storyboard; name = Base; path = Base.lproj/LaunchScreen.storyboard; sourceTree = "<group>"; };
		A1B755FD20848D7200FFB67D /* Info.plist */ = {isa = PBXFileReference; lastKnownFileType = text.plist.xml; path = Info.plist; sourceTree = "<group>"; };
		A1B7560920849C4D00FFB67D /* STMRecord.swift */ = {isa = PBXFileReference; lastKnownFileType = sourcecode.swift; path = STMRecord.swift; sourceTree = "<group>"; };
		A1B756112084AF1700FFB67D /* STMCategory.swift */ = {isa = PBXFileReference; lastKnownFileType = sourcecode.swift; path = STMCategory.swift; sourceTree = "<group>"; };
		A1B756142084B2F600FFB67D /* STMDefaults.swift */ = {isa = PBXFileReference; lastKnownFileType = sourcecode.swift; path = STMDefaults.swift; sourceTree = "<group>"; };
		A1B756162084BFCF00FFB67D /* STMSettings_TVC.swift */ = {isa = PBXFileReference; lastKnownFileType = sourcecode.swift; path = STMSettings_TVC.swift; sourceTree = "<group>"; };
		A1B756182084CCCC00FFB67D /* STMTaskList_TVC.swift */ = {isa = PBXFileReference; lastKnownFileType = sourcecode.swift; path = STMTaskList_TVC.swift; sourceTree = "<group>"; };
		A1B7561A2084EA2600FFB67D /* Date+Ext.swift */ = {isa = PBXFileReference; lastKnownFileType = sourcecode.swift; path = "Date+Ext.swift"; sourceTree = "<group>"; };
		A1B7561E2084F0C300FFB67D /* STMMain_TVCell.swift */ = {isa = PBXFileReference; lastKnownFileType = sourcecode.swift; path = STMMain_TVCell.swift; sourceTree = "<group>"; };
		A1B756202084FDB300FFB67D /* STMTaskDetail_VC.swift */ = {isa = PBXFileReference; lastKnownFileType = sourcecode.swift; path = STMTaskDetail_VC.swift; sourceTree = "<group>"; };
		A1B7562620851BC600FFB67D /* STMAddNewCategory_VC.swift */ = {isa = PBXFileReference; lastKnownFileType = sourcecode.swift; path = STMAddNewCategory_VC.swift; sourceTree = "<group>"; };
		A1B75629208532E000FFB67D /* STMTaskStatusEnum.swift */ = {isa = PBXFileReference; lastKnownFileType = sourcecode.swift; path = STMTaskStatusEnum.swift; sourceTree = "<group>"; };
		A1B7562C20853F8800FFB67D /* STMDetailTextView_TVCell.swift */ = {isa = PBXFileReference; lastKnownFileType = sourcecode.swift; path = STMDetailTextView_TVCell.swift; sourceTree = "<group>"; };
		A1B7562F2085408600FFB67D /* STMButton_TVCell.swift */ = {isa = PBXFileReference; lastKnownFileType = sourcecode.swift; path = STMButton_TVCell.swift; sourceTree = "<group>"; };
		A1B7563120854EE800FFB67D /* STMDetailAddButton_TVCell.swift */ = {isa = PBXFileReference; lastKnownFileType = sourcecode.swift; path = STMDetailAddButton_TVCell.swift; sourceTree = "<group>"; };
		A1B756352085683F00FFB67D /* STMAddNewCategory_VC+DataDelegate.swift */ = {isa = PBXFileReference; lastKnownFileType = sourcecode.swift; path = "STMAddNewCategory_VC+DataDelegate.swift"; sourceTree = "<group>"; };
		A1DF57FC24EBCC5E00A9CE2B /* STMTaskList_VM.swift */ = {isa = PBXFileReference; lastKnownFileType = sourcecode.swift; path = STMTaskList_VM.swift; sourceTree = "<group>"; };
		A1DF580024ED610600A9CE2B /* UIKit+Ext.swift */ = {isa = PBXFileReference; lastKnownFileType = sourcecode.swift; path = "UIKit+Ext.swift"; sourceTree = "<group>"; };
		A1DF580524EDC15400A9CE2B /* UITableView+Ext.swift */ = {isa = PBXFileReference; lastKnownFileType = sourcecode.swift; path = "UITableView+Ext.swift"; sourceTree = "<group>"; };
		A1EC3EE22086232C0012AAC6 /* UNNotification+Ext.swift */ = {isa = PBXFileReference; lastKnownFileType = sourcecode.swift; path = "UNNotification+Ext.swift"; sourceTree = "<group>"; };
		A1EC3EEA208694F80012AAC6 /* OrderingEnum.swift */ = {isa = PBXFileReference; lastKnownFileType = sourcecode.swift; path = OrderingEnum.swift; sourceTree = "<group>"; };
		A1EC3EEF208696BD0012AAC6 /* STMOrderingPicker_TVCell.swift */ = {isa = PBXFileReference; lastKnownFileType = sourcecode.swift; path = STMOrderingPicker_TVCell.swift; sourceTree = "<group>"; };
		A1EC3EF120869BAD0012AAC6 /* STMDetailNotification_TVCell.swift */ = {isa = PBXFileReference; lastKnownFileType = sourcecode.swift; path = STMDetailNotification_TVCell.swift; sourceTree = "<group>"; };
		A1EC3EF320869BFB0012AAC6 /* STMSettingsNotification_TVCell.swift */ = {isa = PBXFileReference; lastKnownFileType = sourcecode.swift; path = STMSettingsNotification_TVCell.swift; sourceTree = "<group>"; };
		A1EC3EF82086A2340012AAC6 /* STMDetailDueDate_TVCell.swift */ = {isa = PBXFileReference; lastKnownFileType = sourcecode.swift; path = STMDetailDueDate_TVCell.swift; sourceTree = "<group>"; };
		A1EC3EFA2086A25F0012AAC6 /* STMDetailCategoty_TVCell.swift */ = {isa = PBXFileReference; lastKnownFileType = sourcecode.swift; path = STMDetailCategoty_TVCell.swift; sourceTree = "<group>"; };
		A1EC3EFC2086A2810012AAC6 /* STMDetailTaskTitle_TVCell.swift */ = {isa = PBXFileReference; lastKnownFileType = sourcecode.swift; path = STMDetailTaskTitle_TVCell.swift; sourceTree = "<group>"; };
/* End PBXFileReference section */

/* Begin PBXFrameworksBuildPhase section */
		A1B755E820848D7000FFB67D /* Frameworks */ = {
			isa = PBXFrameworksBuildPhase;
			buildActionMask = 2147483647;
			files = (
				3D3ED009D959468E4FA5D9A8 /* Pods_SimpleTaskManager.framework in Frameworks */,
			);
			runOnlyForDeploymentPostprocessing = 0;
		};
/* End PBXFrameworksBuildPhase section */

/* Begin PBXGroup section */
		5B354EBC6CBCB4F811E867C3 /* Frameworks */ = {
			isa = PBXGroup;
			children = (
				12E7DA96F8BBEEC2B6BA0DB1 /* Pods_SimpleTaskManager.framework */,
			);
			name = Frameworks;
			sourceTree = "<group>";
		};
		A1B755E220848D7000FFB67D = {
			isa = PBXGroup;
			children = (
				A1B755ED20848D7000FFB67D /* SimpleTaskManager */,
				A1B755EC20848D7000FFB67D /* Products */,
				DD3AF5C513398131E3D42010 /* Pods */,
				5B354EBC6CBCB4F811E867C3 /* Frameworks */,
			);
			sourceTree = "<group>";
		};
		A1B755EC20848D7000FFB67D /* Products */ = {
			isa = PBXGroup;
			children = (
				A1B755EB20848D7000FFB67D /* SimpleTaskManager.app */,
			);
			name = Products;
			sourceTree = "<group>";
		};
		A1B755ED20848D7000FFB67D /* SimpleTaskManager */ = {
			isa = PBXGroup;
			children = (
				A1B755EE20848D7000FFB67D /* AppDelegate.swift */,
				A1B756142084B2F600FFB67D /* STMDefaults.swift */,
				A1B75629208532E000FFB67D /* STMTaskStatusEnum.swift */,
				A1B7562E2085403400FFB67D /* Views */,
				A1B7560520848DCD00FFB67D /* Controllers */,
				A1B7560720848E0900FFB67D /* DB */,
				A1B756132084B04000FFB67D /* Extention */,
				A1B7560420848DB900FFB67D /* IB */,
				A1B7560320848D9300FFB67D /* Resources */,
				A1B7560620848DE100FFB67D /* Support */,
			);
			path = SimpleTaskManager;
			sourceTree = "<group>";
		};
		A1B7560320848D9300FFB67D /* Resources */ = {
			isa = PBXGroup;
			children = (
				A1B755F820848D7200FFB67D /* Assets.xcassets */,
			);
			path = Resources;
			sourceTree = "<group>";
		};
		A1B7560420848DB900FFB67D /* IB */ = {
			isa = PBXGroup;
			children = (
				A1B755F220848D7100FFB67D /* Main.storyboard */,
				A1B755FA20848D7200FFB67D /* LaunchScreen.storyboard */,
			);
			path = IB;
			sourceTree = "<group>";
		};
		A1B7560520848DCD00FFB67D /* Controllers */ = {
			isa = PBXGroup;
			children = (
				A1B7561C2084F03800FFB67D /* Main */,
				A1B7562320850ACD00FFB67D /* Detail */,
				A1B7562220850AB700FFB67D /* Settings */,
				A1B7562420850ADD00FFB67D /* AddCategory */,
			);
			path = Controllers;
			sourceTree = "<group>";
		};
		A1B7560620848DE100FFB67D /* Support */ = {
			isa = PBXGroup;
			children = (
				A1B755FD20848D7200FFB67D /* Info.plist */,
			);
			path = Support;
			sourceTree = "<group>";
		};
		A1B7560720848E0900FFB67D /* DB */ = {
			isa = PBXGroup;
			children = (
				A199D0CD2088650800F39B6E /* SimpleTaskManager.xcdatamodeld */,
				A1B75608208494B900FFB67D /* Model */,
				A1A5664324FA323F0032F9CA /* STMDataService.swift */,
			);
			path = DB;
			sourceTree = "<group>";
		};
		A1B75608208494B900FFB67D /* Model */ = {
			isa = PBXGroup;
			children = (
				A1B7560920849C4D00FFB67D /* STMRecord.swift */,
				A1B756112084AF1700FFB67D /* STMCategory.swift */,
			);
			path = Model;
			sourceTree = "<group>";
		};
		A1B756132084B04000FFB67D /* Extention */ = {
			isa = PBXGroup;
			children = (
				A1B7561A2084EA2600FFB67D /* Date+Ext.swift */,
				A1EC3EE22086232C0012AAC6 /* UNNotification+Ext.swift */,
				A1786FA320ACDF56002229DF /* UIViewController+Alerts.swift */,
				A1DF580024ED610600A9CE2B /* UIKit+Ext.swift */,
				A1DF580524EDC15400A9CE2B /* UITableView+Ext.swift */,
			);
			path = Extention;
			sourceTree = "<group>";
		};
		A1B7561C2084F03800FFB67D /* Main */ = {
			isa = PBXGroup;
			children = (
				A1B7561D2084F04400FFB67D /* Views */,
				A1B756182084CCCC00FFB67D /* STMTaskList_TVC.swift */,
				A1DF57FC24EBCC5E00A9CE2B /* STMTaskList_VM.swift */,
			);
			path = Main;
			sourceTree = "<group>";
		};
		A1B7561D2084F04400FFB67D /* Views */ = {
			isa = PBXGroup;
			children = (
				A1B7561E2084F0C300FFB67D /* STMMain_TVCell.swift */,
			);
			path = Views;
			sourceTree = "<group>";
		};
		A1B7562220850AB700FFB67D /* Settings */ = {
			isa = PBXGroup;
			children = (
				A1EC3EF520869C8A0012AAC6 /* View */,
				A1EC3EEA208694F80012AAC6 /* OrderingEnum.swift */,
				A1B756162084BFCF00FFB67D /* STMSettings_TVC.swift */,
				A10EBBA424F2854200F5DCE0 /* STMSettings_VM.swift */,
			);
			path = Settings;
			sourceTree = "<group>";
		};
		A1B7562320850ACD00FFB67D /* Detail */ = {
			isa = PBXGroup;
			children = (
				A1B7562B20853F5D00FFB67D /* View */,
				A1B756202084FDB300FFB67D /* STMTaskDetail_VC.swift */,
				A16D57B524EA929A008B45E7 /* STMTaskDetail_VM.swift */,
			);
			path = Detail;
			sourceTree = "<group>";
		};
		A1B7562420850ADD00FFB67D /* AddCategory */ = {
			isa = PBXGroup;
			children = (
				A1B7562620851BC600FFB67D /* STMAddNewCategory_VC.swift */,
				A133D2C524F776A500B78E63 /* STMAddNewCategory_VM.swift */,
				A1B756352085683F00FFB67D /* STMAddNewCategory_VC+DataDelegate.swift */,
			);
			path = AddCategory;
			sourceTree = "<group>";
		};
		A1B7562B20853F5D00FFB67D /* View */ = {
			isa = PBXGroup;
			children = (
				A1B7563120854EE800FFB67D /* STMDetailAddButton_TVCell.swift */,
				A1B7562C20853F8800FFB67D /* STMDetailTextView_TVCell.swift */,
				A1EC3EF120869BAD0012AAC6 /* STMDetailNotification_TVCell.swift */,
				A1EC3EF82086A2340012AAC6 /* STMDetailDueDate_TVCell.swift */,
				A1EC3EFA2086A25F0012AAC6 /* STMDetailCategoty_TVCell.swift */,
				A1EC3EFC2086A2810012AAC6 /* STMDetailTaskTitle_TVCell.swift */,
				A133D2C924F7C41F00B78E63 /* STMConfirmButton_TVCell.swift */,
			);
			path = View;
			sourceTree = "<group>";
		};
		A1B7562E2085403400FFB67D /* Views */ = {
			isa = PBXGroup;
			children = (
				A1B7562F2085408600FFB67D /* STMButton_TVCell.swift */,
			);
			path = Views;
			sourceTree = "<group>";
		};
		A1EC3EF520869C8A0012AAC6 /* View */ = {
			isa = PBXGroup;
			children = (
				A1EC3EF320869BFB0012AAC6 /* STMSettingsNotification_TVCell.swift */,
				A1EC3EEF208696BD0012AAC6 /* STMOrderingPicker_TVCell.swift */,
			);
			path = View;
			sourceTree = "<group>";
		};
		DD3AF5C513398131E3D42010 /* Pods */ = {
			isa = PBXGroup;
			children = (
				059E5DD19244FFEB20CCF5C1 /* Pods-SimpleTaskManager.debug.xcconfig */,
				41A03B0A4318C6ADEC95F4DC /* Pods-SimpleTaskManager.release.xcconfig */,
			);
			name = Pods;
			sourceTree = "<group>";
		};
/* End PBXGroup section */

/* Begin PBXNativeTarget section */
		A1B755EA20848D7000FFB67D /* SimpleTaskManager */ = {
			isa = PBXNativeTarget;
			buildConfigurationList = A1B7560020848D7200FFB67D /* Build configuration list for PBXNativeTarget "SimpleTaskManager" */;
			buildPhases = (
				BCC046C84D2BEBCB5BC5E7FD /* [CP] Check Pods Manifest.lock */,
				A1B755E720848D7000FFB67D /* Sources */,
				A1B755E820848D7000FFB67D /* Frameworks */,
				A1B755E920848D7000FFB67D /* Resources */,
				46BBB9DF66E72BF0F81E6323 /* [CP] Embed Pods Frameworks */,
			);
			buildRules = (
			);
			dependencies = (
			);
			name = SimpleTaskManager;
			productName = SimpleTaskManager;
			productReference = A1B755EB20848D7000FFB67D /* SimpleTaskManager.app */;
			productType = "com.apple.product-type.application";
		};
/* End PBXNativeTarget section */

/* Begin PBXProject section */
		A1B755E320848D7000FFB67D /* Project object */ = {
			isa = PBXProject;
			attributes = {
				LastSwiftUpdateCheck = 0930;
				LastUpgradeCheck = 0930;
				ORGANIZATIONNAME = "Tomas Baculák";
				TargetAttributes = {
					A1B755EA20848D7000FFB67D = {
						CreatedOnToolsVersion = 9.3;
						LastSwiftMigration = 1160;
					};
				};
			};
			buildConfigurationList = A1B755E620848D7000FFB67D /* Build configuration list for PBXProject "SimpleTaskManager" */;
			compatibilityVersion = "Xcode 9.3";
			developmentRegion = en;
			hasScannedForEncodings = 0;
			knownRegions = (
				en,
				Base,
			);
			mainGroup = A1B755E220848D7000FFB67D;
			productRefGroup = A1B755EC20848D7000FFB67D /* Products */;
			projectDirPath = "";
			projectRoot = "";
			targets = (
				A1B755EA20848D7000FFB67D /* SimpleTaskManager */,
			);
		};
/* End PBXProject section */

/* Begin PBXResourcesBuildPhase section */
		A1B755E920848D7000FFB67D /* Resources */ = {
			isa = PBXResourcesBuildPhase;
			buildActionMask = 2147483647;
			files = (
				A1B755FC20848D7200FFB67D /* LaunchScreen.storyboard in Resources */,
				A1B755F920848D7200FFB67D /* Assets.xcassets in Resources */,
				A1B755F420848D7100FFB67D /* Main.storyboard in Resources */,
			);
			runOnlyForDeploymentPostprocessing = 0;
		};
/* End PBXResourcesBuildPhase section */

/* Begin PBXShellScriptBuildPhase section */
		46BBB9DF66E72BF0F81E6323 /* [CP] Embed Pods Frameworks */ = {
			isa = PBXShellScriptBuildPhase;
			buildActionMask = 2147483647;
			files = (
			);
			inputFileListPaths = (
				"${PODS_ROOT}/Target Support Files/Pods-SimpleTaskManager/Pods-SimpleTaskManager-frameworks-${CONFIGURATION}-input-files.xcfilelist",
			);
			name = "[CP] Embed Pods Frameworks";
			outputFileListPaths = (
				"${PODS_ROOT}/Target Support Files/Pods-SimpleTaskManager/Pods-SimpleTaskManager-frameworks-${CONFIGURATION}-output-files.xcfilelist",
			);
			runOnlyForDeploymentPostprocessing = 0;
			shellPath = /bin/sh;
			shellScript = "\"${PODS_ROOT}/Target Support Files/Pods-SimpleTaskManager/Pods-SimpleTaskManager-frameworks.sh\"\n";
			showEnvVarsInLog = 0;
		};
		BCC046C84D2BEBCB5BC5E7FD /* [CP] Check Pods Manifest.lock */ = {
			isa = PBXShellScriptBuildPhase;
			buildActionMask = 2147483647;
			files = (
			);
			inputPaths = (
				"${PODS_PODFILE_DIR_PATH}/Podfile.lock",
				"${PODS_ROOT}/Manifest.lock",
			);
			name = "[CP] Check Pods Manifest.lock";
			outputPaths = (
				"$(DERIVED_FILE_DIR)/Pods-SimpleTaskManager-checkManifestLockResult.txt",
			);
			runOnlyForDeploymentPostprocessing = 0;
			shellPath = /bin/sh;
			shellScript = "diff \"${PODS_PODFILE_DIR_PATH}/Podfile.lock\" \"${PODS_ROOT}/Manifest.lock\" > /dev/null\nif [ $? != 0 ] ; then\n    # print error to STDERR\n    echo \"error: The sandbox is not in sync with the Podfile.lock. Run 'pod install' or update your CocoaPods installation.\" >&2\n    exit 1\nfi\n# This output is used by Xcode 'outputs' to avoid re-running this script phase.\necho \"SUCCESS\" > \"${SCRIPT_OUTPUT_FILE_0}\"\n";
			showEnvVarsInLog = 0;
		};
/* End PBXShellScriptBuildPhase section */

/* Begin PBXSourcesBuildPhase section */
		A1B755E720848D7000FFB67D /* Sources */ = {
			isa = PBXSourcesBuildPhase;
			buildActionMask = 2147483647;
			files = (
				A1DF580624EDC15400A9CE2B /* UITableView+Ext.swift in Sources */,
				A1EC3EEB208694F80012AAC6 /* OrderingEnum.swift in Sources */,
				A1EC3EF420869BFB0012AAC6 /* STMSettingsNotification_TVCell.swift in Sources */,
				A1B7562D20853F8800FFB67D /* STMDetailTextView_TVCell.swift in Sources */,
				A1EC3EFD2086A2810012AAC6 /* STMDetailTaskTitle_TVCell.swift in Sources */,
				A1EC3EF92086A2340012AAC6 /* STMDetailDueDate_TVCell.swift in Sources */,
				A1A5664424FA323F0032F9CA /* STMDataService.swift in Sources */,
				A133D2CA24F7C41F00B78E63 /* STMConfirmButton_TVCell.swift in Sources */,
				A1B756152084B2F600FFB67D /* STMDefaults.swift in Sources */,
				A1B756362085683F00FFB67D /* STMAddNewCategory_VC+DataDelegate.swift in Sources */,
				A1EC3EFB2086A25F0012AAC6 /* STMDetailCategoty_TVCell.swift in Sources */,
				A10EBBA524F2854200F5DCE0 /* STMSettings_VM.swift in Sources */,
				A1B756192084CCCC00FFB67D /* STMTaskList_TVC.swift in Sources */,
				A1B7561B2084EA2600FFB67D /* Date+Ext.swift in Sources */,
				A1DF580124ED610600A9CE2B /* UIKit+Ext.swift in Sources */,
				A1786FA420ACDF56002229DF /* UIViewController+Alerts.swift in Sources */,
				A1B756212084FDB300FFB67D /* STMTaskDetail_VC.swift in Sources */,
				A1B7563220854EE800FFB67D /* STMDetailAddButton_TVCell.swift in Sources */,
				A1B7560A20849C4D00FFB67D /* STMRecord.swift in Sources */,
				A1B756302085408600FFB67D /* STMButton_TVCell.swift in Sources */,
				A1B7562A208532E000FFB67D /* STMTaskStatusEnum.swift in Sources */,
				A1EC3EE32086232C0012AAC6 /* UNNotification+Ext.swift in Sources */,
				A133D2C624F776A500B78E63 /* STMAddNewCategory_VM.swift in Sources */,
				A199D0CF2088650800F39B6E /* SimpleTaskManager.xcdatamodeld in Sources */,
				A1EC3EF220869BAD0012AAC6 /* STMDetailNotification_TVCell.swift in Sources */,
				A1DF57FD24EBCC5E00A9CE2B /* STMTaskList_VM.swift in Sources */,
				A1B7562720851BC600FFB67D /* STMAddNewCategory_VC.swift in Sources */,
				A1B755EF20848D7000FFB67D /* AppDelegate.swift in Sources */,
				A1B7561F2084F0C300FFB67D /* STMMain_TVCell.swift in Sources */,
				A1B756172084BFCF00FFB67D /* STMSettings_TVC.swift in Sources */,
				A1B756122084AF1700FFB67D /* STMCategory.swift in Sources */,
				A1EC3EF0208696BD0012AAC6 /* STMOrderingPicker_TVCell.swift in Sources */,
				A16D57B624EA929A008B45E7 /* STMTaskDetail_VM.swift in Sources */,
			);
			runOnlyForDeploymentPostprocessing = 0;
		};
/* End PBXSourcesBuildPhase section */

/* Begin PBXVariantGroup section */
		A1B755F220848D7100FFB67D /* Main.storyboard */ = {
			isa = PBXVariantGroup;
			children = (
				A1B755F320848D7100FFB67D /* Base */,
			);
			name = Main.storyboard;
			sourceTree = "<group>";
		};
		A1B755FA20848D7200FFB67D /* LaunchScreen.storyboard */ = {
			isa = PBXVariantGroup;
			children = (
				A1B755FB20848D7200FFB67D /* Base */,
			);
			name = LaunchScreen.storyboard;
			sourceTree = "<group>";
		};
/* End PBXVariantGroup section */

/* Begin XCBuildConfiguration section */
		A1B755FE20848D7200FFB67D /* Debug */ = {
			isa = XCBuildConfiguration;
			buildSettings = {
				ALWAYS_SEARCH_USER_PATHS = NO;
				CLANG_ANALYZER_NONNULL = YES;
				CLANG_ANALYZER_NUMBER_OBJECT_CONVERSION = YES_AGGRESSIVE;
				CLANG_CXX_LANGUAGE_STANDARD = "gnu++14";
				CLANG_CXX_LIBRARY = "libc++";
				CLANG_ENABLE_MODULES = YES;
				CLANG_ENABLE_OBJC_ARC = YES;
				CLANG_ENABLE_OBJC_WEAK = YES;
				CLANG_WARN_BLOCK_CAPTURE_AUTORELEASING = YES;
				CLANG_WARN_BOOL_CONVERSION = YES;
				CLANG_WARN_COMMA = YES;
				CLANG_WARN_CONSTANT_CONVERSION = YES;
				CLANG_WARN_DEPRECATED_OBJC_IMPLEMENTATIONS = YES;
				CLANG_WARN_DIRECT_OBJC_ISA_USAGE = YES_ERROR;
				CLANG_WARN_DOCUMENTATION_COMMENTS = YES;
				CLANG_WARN_EMPTY_BODY = YES;
				CLANG_WARN_ENUM_CONVERSION = YES;
				CLANG_WARN_INFINITE_RECURSION = YES;
				CLANG_WARN_INT_CONVERSION = YES;
				CLANG_WARN_NON_LITERAL_NULL_CONVERSION = YES;
				CLANG_WARN_OBJC_IMPLICIT_RETAIN_SELF = YES;
				CLANG_WARN_OBJC_LITERAL_CONVERSION = YES;
				CLANG_WARN_OBJC_ROOT_CLASS = YES_ERROR;
				CLANG_WARN_RANGE_LOOP_ANALYSIS = YES;
				CLANG_WARN_STRICT_PROTOTYPES = YES;
				CLANG_WARN_SUSPICIOUS_MOVE = YES;
				CLANG_WARN_UNGUARDED_AVAILABILITY = YES_AGGRESSIVE;
				CLANG_WARN_UNREACHABLE_CODE = YES;
				CLANG_WARN__DUPLICATE_METHOD_MATCH = YES;
				CODE_SIGN_IDENTITY = "iPhone Developer";
				COPY_PHASE_STRIP = NO;
				DEBUG_INFORMATION_FORMAT = dwarf;
				ENABLE_STRICT_OBJC_MSGSEND = YES;
				ENABLE_TESTABILITY = YES;
				GCC_C_LANGUAGE_STANDARD = gnu11;
				GCC_DYNAMIC_NO_PIC = NO;
				GCC_NO_COMMON_BLOCKS = YES;
				GCC_OPTIMIZATION_LEVEL = 0;
				GCC_PREPROCESSOR_DEFINITIONS = (
					"DEBUG=1",
					"$(inherited)",
				);
				GCC_WARN_64_TO_32_BIT_CONVERSION = YES;
				GCC_WARN_ABOUT_RETURN_TYPE = YES_ERROR;
				GCC_WARN_UNDECLARED_SELECTOR = YES;
				GCC_WARN_UNINITIALIZED_AUTOS = YES_AGGRESSIVE;
				GCC_WARN_UNUSED_FUNCTION = YES;
				GCC_WARN_UNUSED_VARIABLE = YES;
				IPHONEOS_DEPLOYMENT_TARGET = 13.0;
				MTL_ENABLE_DEBUG_INFO = YES;
				ONLY_ACTIVE_ARCH = YES;
				SDKROOT = iphoneos;
				SWIFT_ACTIVE_COMPILATION_CONDITIONS = DEBUG;
				SWIFT_OPTIMIZATION_LEVEL = "-Onone";
			};
			name = Debug;
		};
		A1B755FF20848D7200FFB67D /* Release */ = {
			isa = XCBuildConfiguration;
			buildSettings = {
				ALWAYS_SEARCH_USER_PATHS = NO;
				CLANG_ANALYZER_NONNULL = YES;
				CLANG_ANALYZER_NUMBER_OBJECT_CONVERSION = YES_AGGRESSIVE;
				CLANG_CXX_LANGUAGE_STANDARD = "gnu++14";
				CLANG_CXX_LIBRARY = "libc++";
				CLANG_ENABLE_MODULES = YES;
				CLANG_ENABLE_OBJC_ARC = YES;
				CLANG_ENABLE_OBJC_WEAK = YES;
				CLANG_WARN_BLOCK_CAPTURE_AUTORELEASING = YES;
				CLANG_WARN_BOOL_CONVERSION = YES;
				CLANG_WARN_COMMA = YES;
				CLANG_WARN_CONSTANT_CONVERSION = YES;
				CLANG_WARN_DEPRECATED_OBJC_IMPLEMENTATIONS = YES;
				CLANG_WARN_DIRECT_OBJC_ISA_USAGE = YES_ERROR;
				CLANG_WARN_DOCUMENTATION_COMMENTS = YES;
				CLANG_WARN_EMPTY_BODY = YES;
				CLANG_WARN_ENUM_CONVERSION = YES;
				CLANG_WARN_INFINITE_RECURSION = YES;
				CLANG_WARN_INT_CONVERSION = YES;
				CLANG_WARN_NON_LITERAL_NULL_CONVERSION = YES;
				CLANG_WARN_OBJC_IMPLICIT_RETAIN_SELF = YES;
				CLANG_WARN_OBJC_LITERAL_CONVERSION = YES;
				CLANG_WARN_OBJC_ROOT_CLASS = YES_ERROR;
				CLANG_WARN_RANGE_LOOP_ANALYSIS = YES;
				CLANG_WARN_STRICT_PROTOTYPES = YES;
				CLANG_WARN_SUSPICIOUS_MOVE = YES;
				CLANG_WARN_UNGUARDED_AVAILABILITY = YES_AGGRESSIVE;
				CLANG_WARN_UNREACHABLE_CODE = YES;
				CLANG_WARN__DUPLICATE_METHOD_MATCH = YES;
				CODE_SIGN_IDENTITY = "iPhone Developer";
				COPY_PHASE_STRIP = NO;
				DEBUG_INFORMATION_FORMAT = "dwarf-with-dsym";
				ENABLE_NS_ASSERTIONS = NO;
				ENABLE_STRICT_OBJC_MSGSEND = YES;
				GCC_C_LANGUAGE_STANDARD = gnu11;
				GCC_NO_COMMON_BLOCKS = YES;
				GCC_WARN_64_TO_32_BIT_CONVERSION = YES;
				GCC_WARN_ABOUT_RETURN_TYPE = YES_ERROR;
				GCC_WARN_UNDECLARED_SELECTOR = YES;
				GCC_WARN_UNINITIALIZED_AUTOS = YES_AGGRESSIVE;
				GCC_WARN_UNUSED_FUNCTION = YES;
				GCC_WARN_UNUSED_VARIABLE = YES;
				IPHONEOS_DEPLOYMENT_TARGET = 13.0;
				MTL_ENABLE_DEBUG_INFO = NO;
				SDKROOT = iphoneos;
				SWIFT_COMPILATION_MODE = wholemodule;
				SWIFT_OPTIMIZATION_LEVEL = "-O";
				VALIDATE_PRODUCT = YES;
			};
			name = Release;
		};
		A1B7560120848D7200FFB67D /* Debug */ = {
			isa = XCBuildConfiguration;
			baseConfigurationReference = 059E5DD19244FFEB20CCF5C1 /* Pods-SimpleTaskManager.debug.xcconfig */;
			buildSettings = {
				ASSETCATALOG_COMPILER_APPICON_NAME = AppIcon;
				CODE_SIGN_STYLE = Automatic;
				INFOPLIST_FILE = SimpleTaskManager/Support/Info.plist;
				LD_RUNPATH_SEARCH_PATHS = (
					"$(inherited)",
					"@executable_path/Frameworks",
				);
				PRODUCT_BUNDLE_IDENTIFIER = com.tomasbaculak.test.SimpleTaskManager;
				PRODUCT_NAME = "$(TARGET_NAME)";
				SWIFT_VERSION = 5.0;
				TARGETED_DEVICE_FAMILY = "1,2";
			};
			name = Debug;
		};
		A1B7560220848D7200FFB67D /* Release */ = {
			isa = XCBuildConfiguration;
			baseConfigurationReference = 41A03B0A4318C6ADEC95F4DC /* Pods-SimpleTaskManager.release.xcconfig */;
			buildSettings = {
				ASSETCATALOG_COMPILER_APPICON_NAME = AppIcon;
				CODE_SIGN_STYLE = Automatic;
				INFOPLIST_FILE = SimpleTaskManager/Support/Info.plist;
				LD_RUNPATH_SEARCH_PATHS = (
					"$(inherited)",
					"@executable_path/Frameworks",
				);
				PRODUCT_BUNDLE_IDENTIFIER = com.tomasbaculak.test.SimpleTaskManager;
				PRODUCT_NAME = "$(TARGET_NAME)";
				SWIFT_VERSION = 5.0;
				TARGETED_DEVICE_FAMILY = "1,2";
			};
			name = Release;
		};
/* End XCBuildConfiguration section */

/* Begin XCConfigurationList section */
		A1B755E620848D7000FFB67D /* Build configuration list for PBXProject "SimpleTaskManager" */ = {
			isa = XCConfigurationList;
			buildConfigurations = (
				A1B755FE20848D7200FFB67D /* Debug */,
				A1B755FF20848D7200FFB67D /* Release */,
			);
			defaultConfigurationIsVisible = 0;
			defaultConfigurationName = Release;
		};
		A1B7560020848D7200FFB67D /* Build configuration list for PBXNativeTarget "SimpleTaskManager" */ = {
			isa = XCConfigurationList;
			buildConfigurations = (
				A1B7560120848D7200FFB67D /* Debug */,
				A1B7560220848D7200FFB67D /* Release */,
			);
			defaultConfigurationIsVisible = 0;
			defaultConfigurationName = Release;
		};
/* End XCConfigurationList section */

/* Begin XCVersionGroup section */
		A199D0CD2088650800F39B6E /* SimpleTaskManager.xcdatamodeld */ = {
			isa = XCVersionGroup;
			children = (
				A199D0CE2088650800F39B6E /* SimpleTaskManager.xcdatamodel */,
			);
			currentVersion = A199D0CE2088650800F39B6E /* SimpleTaskManager.xcdatamodel */;
			path = SimpleTaskManager.xcdatamodeld;
			sourceTree = "<group>";
			versionGroupType = wrapper.xcdatamodel;
		};
/* End XCVersionGroup section */
	};
	rootObject = A1B755E320848D7000FFB67D /* Project object */;
}
